
Microsoft Visual Studio Solution File, Format Version 12.00
# Visual Studio 15
VisualStudioVersion = 15.0.26730.16
MinimumVisualStudioVersion = 10.0.40219.1
Project("{FAE04EC0-301F-11D3-BF4B-00C04F79EFBC}") = "SecuCodeApp", "SecuCodeApp\SecuCodeApp.csproj", "{909BB5FD-1778-4439-AE55-52672A0819B3}"
	ProjectSection(ProjectDependencies) = postProject
		{60A3CA0E-BC73-4D50-B34B-0B745CFBA10A} = {60A3CA0E-BC73-4D50-B34B-0B745CFBA10A}
		{AB33B165-9B63-46D9-B95F-F572683811B0} = {AB33B165-9B63-46D9-B95F-F572683811B0}
	EndProjectSection
EndProject
Project("{8BC9CEB8-8B4A-11D0-8D11-00A0C91BC942}") = "xtea", "Xtea\Xtea.vcxproj", "{EC660410-29BE-47F1-B376-4312B0D119C2}"
EndProject
Project("{8BC9CEB8-8B4A-11D0-8D11-00A0C91BC942}") = "bch", "bch\bch.vcxproj", "{B8CCC2F3-66B0-4D20-9138-2B62E3B152D9}"
EndProject
Project("{8BC9CEB8-8B4A-11D0-8D11-00A0C91BC942}") = "hash", "hash\hash.vcxproj", "{7BD99E86-F22F-45E0-B49A-A02AE9C9D306}"
EndProject
Project("{8BC9CEB8-8B4A-11D0-8D11-00A0C91BC942}") = "soft_aes_gmac", "soft_aes_gmac\soft_aes_gmac.vcxproj", "{7F5E7D5A-95E5-4909-B4E9-6F6C5682A728}"
EndProject
Project("{8BC9CEB8-8B4A-11D0-8D11-00A0C91BC942}") = "aes-cmac", "aes-cmac\aes-cmac.vcxproj", "{AB33B165-9B63-46D9-B95F-F572683811B0}"
EndProject
Project("{8BC9CEB8-8B4A-11D0-8D11-00A0C91BC942}") = "crc64", "crc64\crc64.vcxproj", "{60A3CA0E-BC73-4D50-B34B-0B745CFBA10A}"
EndProject
Global
	GlobalSection(SolutionConfigurationPlatforms) = preSolution
		Debug|Any CPU = Debug|Any CPU
		Debug|x64 = Debug|x64
		Debug|x86 = Debug|x86
		Release|Any CPU = Release|Any CPU
		Release|x64 = Release|x64
		Release|x86 = Release|x86
	EndGlobalSection
	GlobalSection(ProjectConfigurationPlatforms) = postSolution
		{909BB5FD-1778-4439-AE55-52672A0819B3}.Debug|Any CPU.ActiveCfg = Debug|Any CPU
		{909BB5FD-1778-4439-AE55-52672A0819B3}.Debug|Any CPU.Build.0 = Debug|Any CPU
		{909BB5FD-1778-4439-AE55-52672A0819B3}.Debug|x64.ActiveCfg = Debug|x64
		{909BB5FD-1778-4439-AE55-52672A0819B3}.Debug|x64.Build.0 = Debug|x64
		{909BB5FD-1778-4439-AE55-52672A0819B3}.Debug|x86.ActiveCfg = Debug|Any CPU
		{909BB5FD-1778-4439-AE55-52672A0819B3}.Debug|x86.Build.0 = Debug|Any CPU
		{909BB5FD-1778-4439-AE55-52672A0819B3}.Release|Any CPU.ActiveCfg = Release|Any CPU
		{909BB5FD-1778-4439-AE55-52672A0819B3}.Release|Any CPU.Build.0 = Release|Any CPU
		{909BB5FD-1778-4439-AE55-52672A0819B3}.Release|x64.ActiveCfg = Release|x64
		{909BB5FD-1778-4439-AE55-52672A0819B3}.Release|x64.Build.0 = Release|x64
		{909BB5FD-1778-4439-AE55-52672A0819B3}.Release|x86.ActiveCfg = Release|Any CPU
		{909BB5FD-1778-4439-AE55-52672A0819B3}.Release|x86.Build.0 = Release|Any CPU
		{EC660410-29BE-47F1-B376-4312B0D119C2}.Debug|Any CPU.ActiveCfg = Debug|Win32
		{EC660410-29BE-47F1-B376-4312B0D119C2}.Debug|x64.ActiveCfg = Debug|x64
		{EC660410-29BE-47F1-B376-4312B0D119C2}.Debug|x64.Build.0 = Debug|x64
		{EC660410-29BE-47F1-B376-4312B0D119C2}.Debug|x86.ActiveCfg = Debug|Win32
		{EC660410-29BE-47F1-B376-4312B0D119C2}.Debug|x86.Build.0 = Debug|Win32
		{EC660410-29BE-47F1-B376-4312B0D119C2}.Release|Any CPU.ActiveCfg = Release|Win32
		{EC660410-29BE-47F1-B376-4312B0D119C2}.Release|x64.ActiveCfg = Release|x64
		{EC660410-29BE-47F1-B376-4312B0D119C2}.Release|x64.Build.0 = Release|x64
		{EC660410-29BE-47F1-B376-4312B0D119C2}.Release|x86.ActiveCfg = Release|Win32
		{EC660410-29BE-47F1-B376-4312B0D119C2}.Release|x86.Build.0 = Release|Win32
		{B8CCC2F3-66B0-4D20-9138-2B62E3B152D9}.Debug|Any CPU.ActiveCfg = Debug|Win32
		{B8CCC2F3-66B0-4D20-9138-2B62E3B152D9}.Debug|x64.ActiveCfg = Debug|x64
		{B8CCC2F3-66B0-4D20-9138-2B62E3B152D9}.Debug|x64.Build.0 = Debug|x64
		{B8CCC2F3-66B0-4D20-9138-2B62E3B152D9}.Debug|x86.ActiveCfg = Debug|Win32
		{B8CCC2F3-66B0-4D20-9138-2B62E3B152D9}.Debug|x86.Build.0 = Debug|Win32
		{B8CCC2F3-66B0-4D20-9138-2B62E3B152D9}.Release|Any CPU.ActiveCfg = Release|Win32
		{B8CCC2F3-66B0-4D20-9138-2B62E3B152D9}.Release|x64.ActiveCfg = Release|x64
		{B8CCC2F3-66B0-4D20-9138-2B62E3B152D9}.Release|x64.Build.0 = Release|x64
		{B8CCC2F3-66B0-4D20-9138-2B62E3B152D9}.Release|x86.ActiveCfg = Release|Win32
		{B8CCC2F3-66B0-4D20-9138-2B62E3B152D9}.Release|x86.Build.0 = Release|Win32
		{7BD99E86-F22F-45E0-B49A-A02AE9C9D306}.Debug|Any CPU.ActiveCfg = Debug|Win32
		{7BD99E86-F22F-45E0-B49A-A02AE9C9D306}.Debug|x64.ActiveCfg = Debug|x64
		{7BD99E86-F22F-45E0-B49A-A02AE9C9D306}.Debug|x64.Build.0 = Debug|x64
		{7BD99E86-F22F-45E0-B49A-A02AE9C9D306}.Debug|x86.ActiveCfg = Debug|Win32
		{7BD99E86-F22F-45E0-B49A-A02AE9C9D306}.Debug|x86.Build.0 = Debug|Win32
		{7BD99E86-F22F-45E0-B49A-A02AE9C9D306}.Release|Any CPU.ActiveCfg = Release|Win32
		{7BD99E86-F22F-45E0-B49A-A02AE9C9D306}.Release|x64.ActiveCfg = Release|x64
		{7BD99E86-F22F-45E0-B49A-A02AE9C9D306}.Release|x64.Build.0 = Release|x64
		{7BD99E86-F22F-45E0-B49A-A02AE9C9D306}.Release|x86.ActiveCfg = Release|Win32
		{7BD99E86-F22F-45E0-B49A-A02AE9C9D306}.Release|x86.Build.0 = Release|Win32
		{7F5E7D5A-95E5-4909-B4E9-6F6C5682A728}.Debug|Any CPU.ActiveCfg = Debug|Win32
		{7F5E7D5A-95E5-4909-B4E9-6F6C5682A728}.Debug|x64.ActiveCfg = Debug|x64
		{7F5E7D5A-95E5-4909-B4E9-6F6C5682A728}.Debug|x64.Build.0 = Debug|x64
		{7F5E7D5A-95E5-4909-B4E9-6F6C5682A728}.Debug|x86.ActiveCfg = Debug|Win32
		{7F5E7D5A-95E5-4909-B4E9-6F6C5682A728}.Debug|x86.Build.0 = Debug|Win32
		{7F5E7D5A-95E5-4909-B4E9-6F6C5682A728}.Release|Any CPU.ActiveCfg = Release|Win32
		{7F5E7D5A-95E5-4909-B4E9-6F6C5682A728}.Release|x64.ActiveCfg = Release|x64
		{7F5E7D5A-95E5-4909-B4E9-6F6C5682A728}.Release|x64.Build.0 = Release|x64
		{7F5E7D5A-95E5-4909-B4E9-6F6C5682A728}.Release|x86.ActiveCfg = Release|Win32
		{7F5E7D5A-95E5-4909-B4E9-6F6C5682A728}.Release|x86.Build.0 = Release|Win32
		{AB33B165-9B63-46D9-B95F-F572683811B0}.Debug|Any CPU.ActiveCfg = Debug|Win32
		{AB33B165-9B63-46D9-B95F-F572683811B0}.Debug|x64.ActiveCfg = Debug|x64
		{AB33B165-9B63-46D9-B95F-F572683811B0}.Debug|x64.Build.0 = Debug|x64
		{AB33B165-9B63-46D9-B95F-F572683811B0}.Debug|x86.ActiveCfg = Debug|Win32
		{AB33B165-9B63-46D9-B95F-F572683811B0}.Debug|x86.Build.0 = Debug|Win32
		{AB33B165-9B63-46D9-B95F-F572683811B0}.Release|Any CPU.ActiveCfg = Release|Win32
		{AB33B165-9B63-46D9-B95F-F572683811B0}.Release|x64.ActiveCfg = Release|x64
		{AB33B165-9B63-46D9-B95F-F572683811B0}.Release|x64.Build.0 = Release|x64
		{AB33B165-9B63-46D9-B95F-F572683811B0}.Release|x86.ActiveCfg = Release|Win32
		{AB33B165-9B63-46D9-B95F-F572683811B0}.Release|x86.Build.0 = Release|Win32
		{60A3CA0E-BC73-4D50-B34B-0B745CFBA10A}.Debug|Any CPU.ActiveCfg = Debug|Win32
		{60A3CA0E-BC73-4D50-B34B-0B745CFBA10A}.Debug|x64.ActiveCfg = Debug|x64
		{60A3CA0E-BC73-4D50-B34B-0B745CFBA10A}.Debug|x64.Build.0 = Debug|x64
		{60A3CA0E-BC73-4D50-B34B-0B745CFBA10A}.Debug|x86.ActiveCfg = Debug|Win32
		{60A3CA0E-BC73-4D50-B34B-0B745CFBA10A}.Debug|x86.Build.0 = Debug|Win32
		{60A3CA0E-BC73-4D50-B34B-0B745CFBA10A}.Release|Any CPU.ActiveCfg = Release|Win32
		{60A3CA0E-BC73-4D50-B34B-0B745CFBA10A}.Release|x64.ActiveCfg = Release|x64
		{60A3CA0E-BC73-4D50-B34B-0B745CFBA10A}.Release|x64.Build.0 = Release|x64
		{60A3CA0E-BC73-4D50-B34B-0B745CFBA10A}.Release|x86.ActiveCfg = Release|Win32
		{60A3CA0E-BC73-4D50-B34B-0B745CFBA10A}.Release|x86.Build.0 = Release|Win32
	EndGlobalSection
	GlobalSection(SolutionProperties) = preSolution
		HideSolutionNode = FALSE
	EndGlobalSection
	GlobalSection(ExtensibilityGlobals) = postSolution
		SolutionGuid = {1BC6174A-70E4-4B87-A1CF-2E910AC3B274}
	EndGlobalSection
EndGlobal
